
Microsoft Visual Studio Solution File, Format Version 12.00
# Visual Studio Version 17
VisualStudioVersion = 17.0.31903.59
MinimumVisualStudioVersion = 10.0.40219.1
Project("{FAE04EC0-301F-11D3-BF4B-00C04F79EFBC}") = "Lab8", "Lab8\Lab8.csproj", "{D046EA9E-C1E3-43B1-9FDA-C11104A41AC7}"
EndProject
Project("{FAE04EC0-301F-11D3-BF4B-00C04F79EFBC}") = "Lab8.Main", "Lab8.Main\Lab8.Main.csproj", "{76FFC6AC-4676-44CC-B660-3C1AC9A31311}"
EndProject
Project("{FAE04EC0-301F-11D3-BF4B-00C04F79EFBC}") = "Lab8.Test", "Lab8.Test\Lab8.Test.csproj", "{5B631EE7-264E-4A37-BB47-257C8EF17AA8}"
EndProject
Global
	GlobalSection(SolutionConfigurationPlatforms) = preSolution
		Debug|Any CPU = Debug|Any CPU
		Release|Any CPU = Release|Any CPU
	EndGlobalSection
	GlobalSection(SolutionProperties) = preSolution
		HideSolutionNode = FALSE
	EndGlobalSection
	GlobalSection(ProjectConfigurationPlatforms) = postSolution
		{D046EA9E-C1E3-43B1-9FDA-C11104A41AC7}.Debug|Any CPU.ActiveCfg = Debug|Any CPU
		{D046EA9E-C1E3-43B1-9FDA-C11104A41AC7}.Debug|Any CPU.Build.0 = Debug|Any CPU
		{D046EA9E-C1E3-43B1-9FDA-C11104A41AC7}.Release|Any CPU.ActiveCfg = Release|Any CPU
		{D046EA9E-C1E3-43B1-9FDA-C11104A41AC7}.Release|Any CPU.Build.0 = Release|Any CPU
		{76FFC6AC-4676-44CC-B660-3C1AC9A31311}.Debug|Any CPU.ActiveCfg = Debug|Any CPU
		{76FFC6AC-4676-44CC-B660-3C1AC9A31311}.Debug|Any CPU.Build.0 = Debug|Any CPU
		{76FFC6AC-4676-44CC-B660-3C1AC9A31311}.Release|Any CPU.ActiveCfg = Release|Any CPU
		{76FFC6AC-4676-44CC-B660-3C1AC9A31311}.Release|Any CPU.Build.0 = Release|Any CPU
		{5B631EE7-264E-4A37-BB47-257C8EF17AA8}.Debug|Any CPU.ActiveCfg = Debug|Any CPU
		{5B631EE7-264E-4A37-BB47-257C8EF17AA8}.Debug|Any CPU.Build.0 = Debug|Any CPU
		{5B631EE7-264E-4A37-BB47-257C8EF17AA8}.Release|Any CPU.ActiveCfg = Release|Any CPU
		{5B631EE7-264E-4A37-BB47-257C8EF17AA8}.Release|Any CPU.Build.0 = Release|Any CPU
	EndGlobalSection
EndGlobal
